{
    "_meta": {
        "hash": {
            "sha256": "89ebc3444c111e575bafda26bae4928f77325af12be915236aedf805e2c6111c"
        },
        "pipfile-spec": 6,
        "requires": {
            "python_version": "3.6.7"
        },
        "sources": [
            {
                "name": "pypi",
                "url": "https://pypi.org/simple",
                "verify_ssl": true
            }
        ]
    },
    "default": {
        "ase": {
            "hashes": [
                "sha256:8fe49ddc5a554b69b6468dd1f45a29f67c61997319d0cb7e217e41a5aeef8fb4",
                "sha256:c2910cbd34c0357baae89e9ecebcba4f21bf8ebea7bd86cae0c78835d1bd816e",
                "sha256:f24c6b07e476e560b12357b1ad7e13fc3423051d00cf52620a7664e708480b97"
            ],
            "index": "pypi",
            "version": "==3.17.0"
        },
        "chainer": {
            "hashes": [
                "sha256:8349e6b6b0bb5380e00615e6c16b247c3063d346b257560abd5fb83038aeb9bd"
            ],
            "index": "pypi",
            "version": "==5.1.0"
        },
        "click": {
            "hashes": [
                "sha256:d2b5255c7c6349bc1bd1e59e08cd12acbbd63ce649f2588755783aa94dfb6b1a",
                "sha256:dacca89f4bfadd5de3d7489b7c8a566eee0d3676333fbb50030263894c38c0dc"
            ],
            "version": "==7.1.2"
        },
        "cycler": {
            "hashes": [
                "sha256:1d8a5ae1ff6c5cf9b93e8811e581232ad8920aeec647c37316ceac982b08cb2d",
                "sha256:cd7b2d1018258d7247a71425e9f26463dfb444d411c39569972f4ce586b0c9d8"
            ],
            "version": "==0.10.0"
        },
        "decorator": {
            "hashes": [
                "sha256:41fa54c2a0cc4ba648be4fd43cff00aedf5b9465c9bf18d64325bc225f08f760",
                "sha256:e3a62f0520172440ca0dcc823749319382e377f37f140a0b99ef45fecb84bfe7"
            ],
            "version": "==4.4.2"
        },
        "filelock": {
            "hashes": [
                "sha256:18d82244ee114f543149c66a6e0c14e9c4f8a1044b5cdaadd0f82159d6a6ff59",
                "sha256:929b7d63ec5b7d6b71b0fa5ac14e030b3f70b75747cef1b10da9b879fef15836"
            ],
            "version": "==3.0.12"
        },
        "flask": {
            "hashes": [
                "sha256:4efa1ae2d7c9865af48986de8aeb8504bf32c7f3d6fdc9353d34b21f4b127060",
                "sha256:8a4fdd8936eba2512e9c85df320a37e694c93945b33ef33c89946a340a238557"
            ],
            "version": "==1.1.2"
        },
        "ipython-genutils": {
            "hashes": [
                "sha256:72dd37233799e619666c9f639a9da83c34013a73e8bbc79a7a6348d93c61fab8",
                "sha256:eb2e116e75ecef9d4d228fdc66af54269afa26ab4463042e33785b887c628ba8"
            ],
            "version": "==0.2.0"
        },
        "itsdangerous": {
            "hashes": [
                "sha256:321b033d07f2a4136d3ec762eac9f16a10ccd60f53c0c91af90217ace7ba1f19",
                "sha256:b12271b2047cb23eeb98c8b5622e2e5c5e9abd9784a153e9d8ef9cb4dd09d749"
            ],
            "version": "==1.1.0"
        },
        "jinja2": {
            "hashes": [
                "sha256:89aab215427ef59c34ad58735269eb58b1a5808103067f7bb9d5836c651b3bb0",
                "sha256:f0a4641d3cf955324a89c04f3d94663aa4d638abe8f733ecd3582848e1c37035"
            ],
            "version": "==2.11.2"
        },
        "kiwisolver": {
            "hashes": [
                "sha256:03662cbd3e6729f341a97dd2690b271e51a67a68322affab12a5b011344b973c",
                "sha256:18d749f3e56c0480dccd1714230da0f328e6e4accf188dd4e6884bdd06bf02dd",
                "sha256:247800260cd38160c362d211dcaf4ed0f7816afb5efe56544748b21d6ad6d17f",
                "sha256:38d05c9ecb24eee1246391820ed7137ac42a50209c203c908154782fced90e44",
                "sha256:443c2320520eda0a5b930b2725b26f6175ca4453c61f739fef7a5847bd262f74",
                "sha256:4eadb361baf3069f278b055e3bb53fa189cea2fd02cb2c353b7a99ebb4477ef1",
                "sha256:556da0a5f60f6486ec4969abbc1dd83cf9b5c2deadc8288508e55c0f5f87d29c",
                "sha256:603162139684ee56bcd57acc74035fceed7dd8d732f38c0959c8bd157f913fec",
                "sha256:60a78858580761fe611d22127868f3dc9f98871e6fdf0a15cc4203ed9ba6179b",
                "sha256:63f55f490b958b6299e4e5bdac66ac988c3d11b7fafa522800359075d4fa56d1",
                "sha256:7cc095a4661bdd8a5742aaf7c10ea9fac142d76ff1770a0f84394038126d8fc7",
                "sha256:be046da49fbc3aa9491cc7296db7e8d27bcf0c3d5d1a40259c10471b014e4e0c",
                "sha256:c31bc3c8e903d60a1ea31a754c72559398d91b5929fcb329b1c3a3d3f6e72113",
                "sha256:c955791d80e464da3b471ab41eb65cf5a40c15ce9b001fdc5bbc241170de58ec",
                "sha256:d069ef4b20b1e6b19f790d00097a5d5d2c50871b66d10075dab78938dc2ee2cf",
                "sha256:d52b989dc23cdaa92582ceb4af8d5bcc94d74b2c3e64cd6785558ec6a879793e",
                "sha256:e586b28354d7b6584d8973656a7954b1c69c93f708c0c07b77884f91640b7657",
                "sha256:efcf3397ae1e3c3a4a0a0636542bcad5adad3b1dd3e8e629d0b6e201347176c8",
                "sha256:fccefc0d36a38c57b7bd233a9b485e2f1eb71903ca7ad7adacad6c28a56d62d2"
            ],
            "version": "==1.2.0"
        },
        "markupsafe": {
            "hashes": [
                "sha256:00bc623926325b26bb9605ae9eae8a215691f33cae5df11ca5424f06f2d1f473",
                "sha256:09027a7803a62ca78792ad89403b1b7a73a01c8cb65909cd876f7fcebd79b161",
                "sha256:09c4b7f37d6c648cb13f9230d847adf22f8171b1ccc4d5682398e77f40309235",
                "sha256:1027c282dad077d0bae18be6794e6b6b8c91d58ed8a8d89a89d59693b9131db5",
                "sha256:13d3144e1e340870b25e7b10b98d779608c02016d5184cfb9927a9f10c689f42",
                "sha256:24982cc2533820871eba85ba648cd53d8623687ff11cbb805be4ff7b4c971aff",
                "sha256:29872e92839765e546828bb7754a68c418d927cd064fd4708fab9fe9c8bb116b",
                "sha256:43a55c2930bbc139570ac2452adf3d70cdbb3cfe5912c71cdce1c2c6bbd9c5d1",
                "sha256:46c99d2de99945ec5cb54f23c8cd5689f6d7177305ebff350a58ce5f8de1669e",
                "sha256:500d4957e52ddc3351cabf489e79c91c17f6e0899158447047588650b5e69183",
                "sha256:535f6fc4d397c1563d08b88e485c3496cf5784e927af890fb3c3aac7f933ec66",
                "sha256:596510de112c685489095da617b5bcbbac7dd6384aeebeda4df6025d0256a81b",
                "sha256:62fe6c95e3ec8a7fad637b7f3d372c15ec1caa01ab47926cfdf7a75b40e0eac1",
                "sha256:6788b695d50a51edb699cb55e35487e430fa21f1ed838122d722e0ff0ac5ba15",
                "sha256:6dd73240d2af64df90aa7c4e7481e23825ea70af4b4922f8ede5b9e35f78a3b1",
                "sha256:717ba8fe3ae9cc0006d7c451f0bb265ee07739daf76355d06366154ee68d221e",
                "sha256:79855e1c5b8da654cf486b830bd42c06e8780cea587384cf6545b7d9ac013a0b",
                "sha256:7c1699dfe0cf8ff607dbdcc1e9b9af1755371f92a68f706051cc8c37d447c905",
                "sha256:88e5fcfb52ee7b911e8bb6d6aa2fd21fbecc674eadd44118a9cc3863f938e735",
                "sha256:8defac2f2ccd6805ebf65f5eeb132adcf2ab57aa11fdf4c0dd5169a004710e7d",
                "sha256:98c7086708b163d425c67c7a91bad6e466bb99d797aa64f965e9d25c12111a5e",
                "sha256:9add70b36c5666a2ed02b43b335fe19002ee5235efd4b8a89bfcf9005bebac0d",
                "sha256:9bf40443012702a1d2070043cb6291650a0841ece432556f784f004937f0f32c",
                "sha256:ade5e387d2ad0d7ebf59146cc00c8044acbd863725f887353a10df825fc8ae21",
                "sha256:b00c1de48212e4cc9603895652c5c410df699856a2853135b3967591e4beebc2",
                "sha256:b1282f8c00509d99fef04d8ba936b156d419be841854fe901d8ae224c59f0be5",
                "sha256:b2051432115498d3562c084a49bba65d97cf251f5a331c64a12ee7e04dacc51b",
                "sha256:ba59edeaa2fc6114428f1637ffff42da1e311e29382d81b339c1817d37ec93c6",
                "sha256:c8716a48d94b06bb3b2524c2b77e055fb313aeb4ea620c8dd03a105574ba704f",
                "sha256:cd5df75523866410809ca100dc9681e301e3c27567cf498077e8551b6d20e42f",
                "sha256:cdb132fc825c38e1aeec2c8aa9338310d29d337bebbd7baa06889d09a60a1fa2",
                "sha256:e249096428b3ae81b08327a63a485ad0878de3fb939049038579ac0ef61e17e7",
                "sha256:e8313f01ba26fbbe36c7be1966a7b7424942f670f38e666995b88d012765b9be"
            ],
            "version": "==1.1.1"
        },
        "matplotlib": {
            "hashes": [
                "sha256:16aa61846efddf91df623bbb4598e63be1068a6b6a2e6361cc802b41c7a286eb",
                "sha256:1975b71a33ac986bb39b6d5cfbc15c7b1f218f1134efb4eb3881839d6ae69984",
                "sha256:2b222744bd54781e6cc0b717fa35a54e5f176ba2ced337f27c5b435b334ef854",
                "sha256:317643c0e88fad55414347216362b2e229c130edd5655fea5f8159a803098468",
                "sha256:4269ce3d1b897d46fc3cc2273a0cc2a730345bb47e4456af662e6fca85c89dd7",
                "sha256:65214fd668975077cdf8d408ccf2b2d6bdf73b4e6895a79f8e99ce4f0b43fcdb",
                "sha256:74bc213ab8a92d86a0b304d9359d1e1d14168d4c6121b83862c9d8a88b89a738",
                "sha256:88949be0db54755995dfb0210d0099a8712a3c696c860441971354c3debfc4af",
                "sha256:8e1223d868be89423ec95ada5f37aa408ee64fe76ccb8e4d5f533699ba4c0e4a",
                "sha256:9fa00f2d7a552a95fa6016e498fdeb6d74df537853dda79a9055c53dfc8b6e1a",
                "sha256:c27fd46cab905097ba4bc28d5ba5289930f313fb1970c9d41092c9975b80e9b4",
                "sha256:c94b792af431f6adb6859eb218137acd9a35f4f7442cea57e4a59c54751c36af",
                "sha256:f4c12a01eb2dc16693887a874ba948b18c92f425c4d329639ece6d3bb8e631bb"
            ],
            "index": "pypi",
            "version": "==3.0.2"
        },
        "mpi4py": {
            "hashes": [
                "sha256:07ce2c7141febdc7b6b3381e6f17b4f4aae143623f00d3026ac5a8855aca05fc",
                "sha256:23891cd238bf2a43fa40fadd27d3c6be8cccae8aebd5900426041ab88dad4ce6",
                "sha256:29b67865e4652d312d647ce27c7b1f551fa9405b6e75f0f65af10bba59356fc2",
                "sha256:37c442239da3dd038025e374d9f641d691e1a11efac60747e9b753addc5f6b77",
                "sha256:64c24fc4be52cb00257ec7de5fdef5a60050b1d0309ca8432324129527412379",
                "sha256:6860f603cecf9fc1644ad11ece53ad038024af61ac09c6d80692c1ff13f4fe12",
                "sha256:6ac28f9f1c86d19c2a5907b59d496195f87680c1ffd6aa56d59a60c0e8caa925",
                "sha256:6c163158aa5b8fdd3baa4808e1c5fe31c934d8cf01626ada13a1b3b590bb6b9d",
                "sha256:aefde48f7d9670c7325b878a681c347e51ee46b5a7da242a0301cdd33f983de0",
                "sha256:b457b02d85bdd9a4775a097fac5234a20397b43e073f14d9e29b6cd78c68efd7",
                "sha256:f6d1be1cf7e015f93d807eb59c294a140b139a11d59d218cc35e08fff938252a"
            ],
            "index": "pypi",
            "version": "==3.0.0"
        },
        "numpy": {
            "hashes": [
                "sha256:0df89ca13c25eaa1621a3f09af4c8ba20da849692dcae184cb55e80952c453fb",
                "sha256:154c35f195fd3e1fad2569930ca51907057ae35e03938f89a8aedae91dd1b7c7",
                "sha256:18e84323cdb8de3325e741a7a8dd4a82db74fde363dce32b625324c7b32aa6d7",
                "sha256:1e8956c37fc138d65ded2d96ab3949bd49038cc6e8a4494b1515b0ba88c91565",
                "sha256:23557bdbca3ccbde3abaa12a6e82299bc92d2b9139011f8c16ca1bb8c75d1e95",
                "sha256:24fd645a5e5d224aa6e39d93e4a722fafa9160154f296fd5ef9580191c755053",
                "sha256:36e36b6868e4440760d4b9b44587ea1dc1f06532858d10abba98e851e154ca70",
                "sha256:3d734559db35aa3697dadcea492a423118c5c55d176da2f3be9c98d4803fc2a7",
                "sha256:416a2070acf3a2b5d586f9a6507bb97e33574df5bd7508ea970bbf4fc563fa52",
                "sha256:4a22dc3f5221a644dfe4a63bf990052cc674ef12a157b1056969079985c92816",
                "sha256:4d8d3e5aa6087490912c14a3c10fbdd380b40b421c13920ff468163bc50e016f",
                "sha256:4f41fd159fba1245e1958a99d349df49c616b133636e0cf668f169bce2aeac2d",
                "sha256:561ef098c50f91fbac2cc9305b68c915e9eb915a74d9038ecf8af274d748f76f",
                "sha256:56994e14b386b5c0a9b875a76d22d707b315fa037affc7819cda08b6d0489756",
                "sha256:73a1f2a529604c50c262179fcca59c87a05ff4614fe8a15c186934d84d09d9a5",
                "sha256:7da99445fd890206bfcc7419f79871ba8e73d9d9e6b82fe09980bc5bb4efc35f",
                "sha256:99d59e0bcadac4aa3280616591fb7bcd560e2218f5e31d5223a2e12a1425d495",
                "sha256:a4cc09489843c70b22e8373ca3dfa52b3fab778b57cf81462f1203b0852e95e3",
                "sha256:a61dc29cfca9831a03442a21d4b5fd77e3067beca4b5f81f1a89a04a71cf93fa",
                "sha256:b1853df739b32fa913cc59ad9137caa9cc3d97ff871e2bbd89c2a2a1d4a69451",
                "sha256:b1f44c335532c0581b77491b7715a871d0dd72e97487ac0f57337ccf3ab3469b",
                "sha256:b261e0cb0d6faa8fd6863af26d30351fd2ffdb15b82e51e81e96b9e9e2e7ba16",
                "sha256:c857ae5dba375ea26a6228f98c195fec0898a0fd91bcf0e8a0cae6d9faf3eca7",
                "sha256:cf5bb4a7d53a71bb6a0144d31df784a973b36d8687d615ef6a7e9b1809917a9b",
                "sha256:db9814ff0457b46f2e1d494c1efa4111ca089e08c8b983635ebffb9c1573361f",
                "sha256:df04f4bad8a359daa2ff74f8108ea051670cafbca533bb2636c58b16e962989e",
                "sha256:ecf81720934a0e18526177e645cbd6a8a21bb0ddc887ff9738de07a1df5c6b61",
                "sha256:edfa6fba9157e0e3be0f40168eb142511012683ac3dc82420bee4a3f3981b30e"
            ],
            "index": "pypi",
            "version": "==1.15.4"
        },
        "protobuf": {
            "hashes": [
                "sha256:0bba42f439bf45c0f600c3c5993666fcb88e8441d011fad80a11df6f324eef33",
                "sha256:1e834076dfef9e585815757a2c7e4560c7ccc5962b9d09f831214c693a91b463",
                "sha256:339c3a003e3c797bc84499fa32e0aac83c768e67b3de4a5d7a5a9aa3b0da634c",
                "sha256:361acd76f0ad38c6e38f14d08775514fbd241316cce08deb2ce914c7dfa1184a",
                "sha256:3dee442884a18c16d023e52e32dd34a8930a889e511af493f6dc7d4d9bf12e4f",
                "sha256:4d1174c9ed303070ad59553f435846a2f877598f59f9afc1b89757bdf846f2a7",
                "sha256:5db9d3e12b6ede5e601b8d8684a7f9d90581882925c96acf8495957b4f1b204b",
                "sha256:6a82e0c8bb2bf58f606040cc5814e07715b2094caeba281e2e7d0b0e2e397db5",
                "sha256:8c35bcbed1c0d29b127c886790e9d37e845ffc2725cc1db4bd06d70f4e8359f4",
                "sha256:91c2d897da84c62816e2f473ece60ebfeab024a16c1751aaf31100127ccd93ec",
                "sha256:9c2e63c1743cba12737169c447374fab3dfeb18111a460a8c1a000e35836b18c",
                "sha256:9edfdc679a3669988ec55a989ff62449f670dfa7018df6ad7f04e8dbacb10630",
                "sha256:c0c5ab9c4b1eac0a9b838f1e46038c3175a95b0f2d944385884af72876bd6bc7",
                "sha256:c8abd7605185836f6f11f97b21200f8a864f9cb078a193fe3c9e235711d3ff1e",
                "sha256:d69697acac76d9f250ab745b46c725edf3e98ac24763990b24d58c16c642947a",
                "sha256:df3932e1834a64b46ebc262e951cd82c3cf0fa936a154f0a42231140d8237060",
                "sha256:e7662437ca1e0c51b93cadb988f9b353fa6b8013c0385d63a70c8a77d84da5f9",
                "sha256:f68eb9d03c7d84bd01c790948320b768de8559761897763731294e3bc316decb"
            ],
            "version": "==3.13.0"
        },
        "pyparsing": {
            "hashes": [
                "sha256:c203ec8783bf771a155b207279b9bccb8dea02d8f0c9e5f8ead507bc3246ecc1",
                "sha256:ef9d7589ef3c200abe66653d3f1ab1033c3c419ae9b9bdb1240a85b024efc88b"
            ],
            "version": "==2.4.7"
        },
        "python-dateutil": {
            "hashes": [
                "sha256:73ebfe9dbf22e832286dafa60473e4cd239f8592f699aa5adaf10050e6e1823c",
                "sha256:75bb3f31ea686f1197762692a9ee6a7550b59fc6ca3a1f4b5d7e32fb98e2da2a"
            ],
            "version": "==2.8.1"
        },
        "pyyaml": {
            "hashes": [
                "sha256:3d7da3009c0f3e783b2c873687652d83b1bbfd5c88e9813fb7e5b03c0dd3108b",
                "sha256:3ef3092145e9b70e3ddd2c7ad59bdd0252a94dfe3949721633e41344de00a6bf",
                "sha256:40c71b8e076d0550b2e6380bada1f1cd1017b882f7e16f09a65be98e017f211a",
                "sha256:558dd60b890ba8fd982e05941927a3911dc409a63dcb8b634feaa0cda69330d3",
                "sha256:a7c28b45d9f99102fa092bb213aa12e0aaf9a6a1f5e395d36166639c1f96c3a1",
                "sha256:aa7dd4a6a427aed7df6fb7f08a580d68d9b118d90310374716ae90b710280af1",
                "sha256:bc558586e6045763782014934bfaf39d48b8ae85a2713117d16c39864085c613",
                "sha256:d46d7982b62e0729ad0175a9bc7e10a566fc07b224d2c79fafb5e032727eaa04",
                "sha256:d5eef459e30b09f5a098b9cea68bebfeb268697f78d647bd255a085371ac7f3f",
                "sha256:e01d3203230e1786cd91ccfdc8f8454c8069c91bee3962ad93b87a4b2860f537",
                "sha256:e170a9e6fcfd19021dd29845af83bb79236068bf5fd4df3327c1be18182b2531"
            ],
            "index": "pypi",
            "version": "==3.13"
        },
        "scikit-learn": {
            "hashes": [
                "sha256:05d061606657af85365b5f71484e3362d924429edde17a90068960843ad597f5",
                "sha256:071317afbb5c67fa493635376ddd724b414290255cbf6947c1155846956e93f7",
                "sha256:0d03aaf19a25e59edac3099cda6879ba05129f0fa1e152e23b728ccd36104f57",
                "sha256:1665ea0d4b75ef24f5f2a9d1527b7296eeabcbe3a1329791c954541e2ebde5a2",
                "sha256:24eccb0ff31f84e88e00936c09197735ef1dcabd370aacb10e55dbc8ee464a78",
                "sha256:27b48cabacce677a205e6bcda1f32bdc968fbf40cd2aa0a4f52852f6997fce51",
                "sha256:2c51826b9daa87d7d356bebd39f8665f7c32e90e3b21cbe853d6c7f0d6b0d23b",
                "sha256:3116299d392bd1d054655fa2a740e7854de87f1d573fa85503e64494e52ac795",
                "sha256:3771861abe1fd1b2bbeaec7ba8cfca58fdedd75d790f099960e5332af9d1ff7a",
                "sha256:473ba7d9a5eaec47909ee83d74b4a3be47a44505c5189d2cab67c0418cd030f1",
                "sha256:621e2c91f9afde06e9295d128cb15cb6fc77dc00719393e9ec9d47119895b0d4",
                "sha256:645865462c383e5faad473b93145a8aee97d839c9ad1fd7a17ae54ec8256d42b",
                "sha256:80e2276d4869d302e84b7c03b5bac4a67f6cd331162e62ae775a3e5855441a60",
                "sha256:84d2cfe0dee3c22b26364266d69850e0eb406d99714045929875032f91d3c918",
                "sha256:87ea9ace7fe811638dfc39b850b60887509b8bfc93c4006d5552fa066d04ddc7",
                "sha256:a4d1e535c75881f668010e6e53dfeb89dd50db85b05c5c45af1991c8b832d757",
                "sha256:a4f14c4327d2e44567bfb3a0bee8c55470f820bc9a67af3faf200abd8ed79bf2",
                "sha256:a7b3c24e193e8c6eaeac075b5d0bb0a7fea478aa2e4b991f6a7b030fc4fd410d",
                "sha256:ab2919aca84f1ac6ef60a482148eec0944364ab1832e63f28679b16f9ef279c8",
                "sha256:b0f79d5ff74f3c68a4198ad5b4dfa891326b5ce272dd064d11d572b25aae5b43",
                "sha256:bc5bc7c7ee2572a1edcb51698a6caf11fae554194aaab9a38105d9ec419f29e6",
                "sha256:bc5c750d548795def79576533f8f0f065915f17f48d6e443afce2a111f713747",
                "sha256:c68969c30b3b2c1fe07c1376110928eade61da4fc29c24c9f1a89435a7d08abe",
                "sha256:d3b4f791d2645fe936579d61f1ff9b5dcf0c8f50db7f0245ca8f16407d7a5a46",
                "sha256:dac0cd9fdd8ac6dd6108a10558e2e0ca1b411b8ea0a3165641f9ab0b4322df4e",
                "sha256:eb7ddbdf33eb822fdc916819b0ab7009d954eb43c3a78e7dd2ec5455e074922a",
                "sha256:ed537844348402ed53420187b3a6948c576986d0b2811a987a49613b6a26f29e",
                "sha256:fcca54733e692fe03b8584f7d4b9344f4b6e3a74f5b326c6e5f5e9d2504bdce7"
            ],
            "index": "pypi",
            "version": "==0.20.2"
        },
        "scipy": {
            "hashes": [
                "sha256:02cb79ea38114dc480e9b08d6b87095728e8fb39b9a49b449ee443d678001611",
                "sha256:03c827cdbc584e935264040b958e5fa0570a16095bee23a013482ba3f0e963a2",
                "sha256:04f2b23258139c109d0524f111597dd095a505d9cb2c71e381d688d653877fa3",
                "sha256:3132a9fab3f3545c8b0ba15688d11857efdd4a58d388d3785dc474f56fea7138",
                "sha256:4b1f0883cb9d8ee963cf0a31c87341e9e758abb2cf1e5bcc0d7b066ef6b17573",
                "sha256:4cce25c6e7ff7399c67dfe1b5423c36c391cf9b4b2be390c1675ab410f1ef503",
                "sha256:51a2424c8ed80e60bdb9a896806e7adaf24a58253b326fbad10f80a6d06f2214",
                "sha256:5706b785ca289fdfd91aa05066619e51d140613b613e35932601f2315f5d8470",
                "sha256:58f0435f052cb60f1472c77f52a8f6642f8877b70559e5e0b9a1744f33f5cbe5",
                "sha256:63e1d5ca9e5e1984f1a275276991b036e25d39d37dd7edbb3f4f6165c2da7dbb",
                "sha256:64b2c35824da3ef6bb1e722216e4ef28802af6413c7586136500e343d34ba179",
                "sha256:6f791987899532305126309578727c0197bddbafab9596bafe3e7bfab6e1ce13",
                "sha256:72bd766f753fd32f072d30d7bc2ad492d56dbcbf3e13764e27635d5c41079339",
                "sha256:7413080b381766a22d52814edb65631f0e323a7cea945c70021a672f38acc73f",
                "sha256:78a67ee4845440e81cfbfabde20537ca12051d0eeac951fe4c6d8751feac3103",
                "sha256:7994c044bf659b0a24ad7673ec7db85c2fadb87e4980a379a9fd5b086fe3649a",
                "sha256:7dc4002f0a0a688774ef04878afe769ecd1ac21fe9b4b1d7125e2cf16170afd3",
                "sha256:854bd87cc23824d5db4983956bc30f3790e1c7448f1a9e6a8fb7bff7601aef87",
                "sha256:8608316d0cc01f8b25111c8adfe6efbc959cbba037a62c784551568d7ffbf280",
                "sha256:8f5fcc87b48fc3dd6d901669c89af4feeb856dffb6f671539a238b7e8af1799c",
                "sha256:937147086e8b4338bf139ca8fa98da650e3a46bf2ca617f8e9dd68c3971ec420",
                "sha256:bc294841f6c822714af362095b181a853f47ed5ce757354bd2e4776d579ff3a4",
                "sha256:bc6a88b0009a1b60eab5c22ac3a006f6968d6328de10c6a64ebb0d64a05548d3",
                "sha256:c5eae911cf26b3c7eda889ec98d3c226f312c587acfaaf02602473f98b4c16d6",
                "sha256:cca33a01a5987c650b87a1a910aa311ffa44e67cca1ff502ef9efdae5d9a8624",
                "sha256:d1ae77b79fd5e27a10ba7c4e7c3a62927b9d29a4dccf28f6905c25d983aaf183",
                "sha256:fb36064047e6bf87b6320a9b6eb7f525ef6863c7a4aef1a84a4bbfb043612617",
                "sha256:fc1a19d95649439dbd50baca676bceb29bbfcd600aed2c5bd71d9bad82a87cfe"
            ],
            "index": "pypi",
            "version": "==1.2.0"
        },
        "six": {
            "hashes": [
                "sha256:30639c035cdb23534cd4aa2dd52c3bf48f06e5f4a941509c8bafd8ce11080259",
                "sha256:8b74bedcbbbaca38ff6d7491d76f2b06b3592611af620f8426e82dddb04a5ced"
            ],
            "version": "==1.15.0"
        },
        "tqdm": {
            "hashes": [
                "sha256:79420109a762f82e20e8ecdc3b3bc1bc6c6536884a8de5fa86a50eb99386376a",
                "sha256:7fa801cf60e318bf7d2ac7498254df0f3d7a3ad23c622ae63666257d5f833967"
            ],
            "index": "pypi",
            "version": "==4.29.0"
        },
        "traitlets": {
            "hashes": [
                "sha256:9c4bd2d267b7153df9152698efb1050a5d84982d3384a37b2c1f7723ba3e7835",
                "sha256:c6cb5e6f57c5a9bdaa40fa71ce7b4af30298fbab9ece9815b5d995ab6217c7d9"
            ],
            "index": "pypi",
            "version": "==4.3.2"
        },
        "werkzeug": {
            "hashes": [
                "sha256:2de2a5db0baeae7b2d2664949077c2ac63fbd16d98da0ff71837f7d1dea3fd43",
                "sha256:6c80b1e5ad3665290ea39320b91e1be1e0d5f60652b964a3070216de83d2e47c"
            ],
            "version": "==1.0.1"
        }
    },
    "develop": {
        "alabaster": {
            "hashes": [
                "sha256:446438bdcca0e05bd45ea2de1668c1d9b032e1a9154c2c259092d77031ddd359",
                "sha256:a661d72d58e6ea8a57f7a86e37d86716863ee5e92788398526d58b26a4e4dc02"
            ],
            "version": "==0.7.12"
        },
        "argh": {
            "hashes": [
                "sha256:a9b3aaa1904eeb78e32394cd46c6f37ac0fb4af6dc488daa58971bdc7d7fcaf3",
                "sha256:e9535b8c84dc9571a48999094fda7f33e63c3f1b74f3e5f3ac0105a58405bb65"
            ],
            "version": "==0.26.2"
        },
        "babel": {
            "hashes": [
                "sha256:1aac2ae2d0d8ea368fa90906567f5c08463d98ade155c0c4bfedd6a0f7160e38",
                "sha256:d670ea0b10f8b723672d3a6abeb87b565b244da220d76b4dba1b66269ec152d4"
            ],
            "version": "==2.8.0"
        },
        "certifi": {
            "hashes": [
                "sha256:5930595817496dd21bb8dc35dad090f1c2cd0adfaf21204bf6732ca5d8ee34d3",
                "sha256:8fc0819f1f30ba15bdb34cceffb9ef04d99f420f68eb75d901e9560b8749fc41"
            ],
            "version": "==2020.6.20"
        },
        "chardet": {
            "hashes": [
                "sha256:84ab92ed1c4d4f16916e05906b6b75a6c0fb5db821cc65e70cbd64a3e2a5eaae",
                "sha256:fc323ffcaeaed0e0a02bf4d117757b98aed530d9ed4531e3e15460124c106691"
            ],
            "version": "==3.0.4"
        },
        "docutils": {
            "hashes": [
                "sha256:0c5b78adfbf7762415433f5515cd5c9e762339e23369dbe8000d84a4bf4ab3af",
                "sha256:c2de3a60e9e7d07be26b7f2b00ca0309c207e06c100f9cc2a94931fc75a478fc"
            ],
            "version": "==0.16"
        },
        "hdnnpy": {
            "editable": true,
            "path": "."
        },
        "idna": {
            "hashes": [
                "sha256:b307872f855b18632ce0c21c5e45be78c0ea7ae4c15c828c20788b26921eb3f6",
                "sha256:b97d804b1e9b523befed77c48dacec60e6dcb0b5391d57af6a65a312a90648c0"
            ],
            "version": "==2.10"
        },
        "imagesize": {
            "hashes": [
                "sha256:6965f19a6a2039c7d48bca7dba2473069ff854c36ae6f19d2cde309d998228a1",
                "sha256:b1f6b5a4eab1f73479a50fb79fcf729514a900c341d8503d62a62dbc4127a2b1"
            ],
            "version": "==1.2.0"
        },
        "jinja2": {
            "hashes": [
                "sha256:89aab215427ef59c34ad58735269eb58b1a5808103067f7bb9d5836c651b3bb0",
                "sha256:f0a4641d3cf955324a89c04f3d94663aa4d638abe8f733ecd3582848e1c37035"
            ],
            "version": "==2.11.2"
        },
        "livereload": {
            "hashes": [
                "sha256:776f2f865e59fde56490a56bcc6773b6917366bce0c267c60ee8aaf1a0959869"
            ],
            "version": "==2.6.3"
        },
        "markupsafe": {
            "hashes": [
                "sha256:00bc623926325b26bb9605ae9eae8a215691f33cae5df11ca5424f06f2d1f473",
                "sha256:09027a7803a62ca78792ad89403b1b7a73a01c8cb65909cd876f7fcebd79b161",
                "sha256:09c4b7f37d6c648cb13f9230d847adf22f8171b1ccc4d5682398e77f40309235",
                "sha256:1027c282dad077d0bae18be6794e6b6b8c91d58ed8a8d89a89d59693b9131db5",
                "sha256:13d3144e1e340870b25e7b10b98d779608c02016d5184cfb9927a9f10c689f42",
                "sha256:24982cc2533820871eba85ba648cd53d8623687ff11cbb805be4ff7b4c971aff",
                "sha256:29872e92839765e546828bb7754a68c418d927cd064fd4708fab9fe9c8bb116b",
                "sha256:43a55c2930bbc139570ac2452adf3d70cdbb3cfe5912c71cdce1c2c6bbd9c5d1",
                "sha256:46c99d2de99945ec5cb54f23c8cd5689f6d7177305ebff350a58ce5f8de1669e",
                "sha256:500d4957e52ddc3351cabf489e79c91c17f6e0899158447047588650b5e69183",
                "sha256:535f6fc4d397c1563d08b88e485c3496cf5784e927af890fb3c3aac7f933ec66",
                "sha256:596510de112c685489095da617b5bcbbac7dd6384aeebeda4df6025d0256a81b",
                "sha256:62fe6c95e3ec8a7fad637b7f3d372c15ec1caa01ab47926cfdf7a75b40e0eac1",
                "sha256:6788b695d50a51edb699cb55e35487e430fa21f1ed838122d722e0ff0ac5ba15",
                "sha256:6dd73240d2af64df90aa7c4e7481e23825ea70af4b4922f8ede5b9e35f78a3b1",
                "sha256:717ba8fe3ae9cc0006d7c451f0bb265ee07739daf76355d06366154ee68d221e",
                "sha256:79855e1c5b8da654cf486b830bd42c06e8780cea587384cf6545b7d9ac013a0b",
                "sha256:7c1699dfe0cf8ff607dbdcc1e9b9af1755371f92a68f706051cc8c37d447c905",
                "sha256:88e5fcfb52ee7b911e8bb6d6aa2fd21fbecc674eadd44118a9cc3863f938e735",
                "sha256:8defac2f2ccd6805ebf65f5eeb132adcf2ab57aa11fdf4c0dd5169a004710e7d",
                "sha256:98c7086708b163d425c67c7a91bad6e466bb99d797aa64f965e9d25c12111a5e",
                "sha256:9add70b36c5666a2ed02b43b335fe19002ee5235efd4b8a89bfcf9005bebac0d",
                "sha256:9bf40443012702a1d2070043cb6291650a0841ece432556f784f004937f0f32c",
                "sha256:ade5e387d2ad0d7ebf59146cc00c8044acbd863725f887353a10df825fc8ae21",
                "sha256:b00c1de48212e4cc9603895652c5c410df699856a2853135b3967591e4beebc2",
                "sha256:b1282f8c00509d99fef04d8ba936b156d419be841854fe901d8ae224c59f0be5",
                "sha256:b2051432115498d3562c084a49bba65d97cf251f5a331c64a12ee7e04dacc51b",
                "sha256:ba59edeaa2fc6114428f1637ffff42da1e311e29382d81b339c1817d37ec93c6",
                "sha256:c8716a48d94b06bb3b2524c2b77e055fb313aeb4ea620c8dd03a105574ba704f",
                "sha256:cd5df75523866410809ca100dc9681e301e3c27567cf498077e8551b6d20e42f",
                "sha256:cdb132fc825c38e1aeec2c8aa9338310d29d337bebbd7baa06889d09a60a1fa2",
                "sha256:e249096428b3ae81b08327a63a485ad0878de3fb939049038579ac0ef61e17e7",
                "sha256:e8313f01ba26fbbe36c7be1966a7b7424942f670f38e666995b88d012765b9be"
            ],
            "version": "==1.1.1"
        },
        "packaging": {
            "hashes": [
                "sha256:4357f74f47b9c12db93624a82154e9b120fa8293699949152b22065d556079f8",
                "sha256:998416ba6962ae7fbd6596850b80e17859a5753ba17c32284f67bfff33784181"
            ],
            "version": "==20.4"
        },
        "pathtools": {
            "hashes": [
                "sha256:7c35c5421a39bb82e58018febd90e3b6e5db34c5443aaaf742b3f33d4655f1c0"
            ],
            "version": "==0.1.2"
        },
        "port-for": {
            "hashes": [
                "sha256:b16a84bb29c2954db44c29be38b17c659c9c27e33918dec16b90d375cc596f1c"
            ],
            "version": "==0.3.1"
        },
        "pygments": {
            "hashes": [
                "sha256:647344a061c249a3b74e230c739f434d7ea4d8b1d5f3721bc0f3558049b38f44",
                "sha256:ff7a40b4860b727ab48fad6360eb351cc1b33cbf9b15a0f689ca5353e9463324"
            ],
            "version": "==2.6.1"
        },
        "pyparsing": {
            "hashes": [
                "sha256:c203ec8783bf771a155b207279b9bccb8dea02d8f0c9e5f8ead507bc3246ecc1",
                "sha256:ef9d7589ef3c200abe66653d3f1ab1033c3c419ae9b9bdb1240a85b024efc88b"
            ],
            "version": "==2.4.7"
        },
        "pytz": {
            "hashes": [
                "sha256:a494d53b6d39c3c6e44c3bec237336e14305e4f29bbf800b599253057fbb79ed",
                "sha256:c35965d010ce31b23eeb663ed3cc8c906275d6be1a34393a1d73a41febf4a048"
            ],
            "version": "==2020.1"
        },
        "pyyaml": {
            "hashes": [
                "sha256:3d7da3009c0f3e783b2c873687652d83b1bbfd5c88e9813fb7e5b03c0dd3108b",
                "sha256:3ef3092145e9b70e3ddd2c7ad59bdd0252a94dfe3949721633e41344de00a6bf",
                "sha256:40c71b8e076d0550b2e6380bada1f1cd1017b882f7e16f09a65be98e017f211a",
                "sha256:558dd60b890ba8fd982e05941927a3911dc409a63dcb8b634feaa0cda69330d3",
                "sha256:a7c28b45d9f99102fa092bb213aa12e0aaf9a6a1f5e395d36166639c1f96c3a1",
                "sha256:aa7dd4a6a427aed7df6fb7f08a580d68d9b118d90310374716ae90b710280af1",
                "sha256:bc558586e6045763782014934bfaf39d48b8ae85a2713117d16c39864085c613",
                "sha256:d46d7982b62e0729ad0175a9bc7e10a566fc07b224d2c79fafb5e032727eaa04",
                "sha256:d5eef459e30b09f5a098b9cea68bebfeb268697f78d647bd255a085371ac7f3f",
                "sha256:e01d3203230e1786cd91ccfdc8f8454c8069c91bee3962ad93b87a4b2860f537",
                "sha256:e170a9e6fcfd19021dd29845af83bb79236068bf5fd4df3327c1be18182b2531"
            ],
            "index": "pypi",
            "version": "==3.13"
        },
        "requests": {
            "hashes": [
                "sha256:b3559a131db72c33ee969480840fff4bb6dd111de7dd27c8ee1f820f4f00231b",
                "sha256:fe75cc94a9443b9246fc7049224f75604b113c36acb93f87b80ed42c44cbb898"
            ],
            "version": "==2.24.0"
        },
        "six": {
            "hashes": [
                "sha256:30639c035cdb23534cd4aa2dd52c3bf48f06e5f4a941509c8bafd8ce11080259",
                "sha256:8b74bedcbbbaca38ff6d7491d76f2b06b3592611af620f8426e82dddb04a5ced"
            ],
            "version": "==1.15.0"
        },
        "snowballstemmer": {
            "hashes": [
                "sha256:209f257d7533fdb3cb73bdbd24f436239ca3b2fa67d56f6ff88e86be08cc5ef0",
                "sha256:df3bac3df4c2c01363f3dd2cfa78cce2840a79b9f1c2d2de9ce8d31683992f52"
            ],
            "version": "==2.0.0"
        },
        "sphinx": {
            "hashes": [
                "sha256:429e3172466df289f0f742471d7e30ba3ee11f3b5aecd9a840480d03f14bcfe5",
                "sha256:c4cb17ba44acffae3d3209646b6baec1e215cad3065e852c68cc569d4df1b9f8"
            ],
            "index": "pypi",
            "version": "==1.8.3"
        },
        "sphinx-autobuild": {
            "hashes": [
                "sha256:66388f81884666e3821edbe05dd53a0cfb68093873d17320d0610de8db28c74e",
                "sha256:e60aea0789cab02fa32ee63c7acae5ef41c06f1434d9fd0a74250a61f5994692"
            ],
            "index": "pypi",
            "version": "==0.7.1"
        },
        "sphinx-rtd-theme": {
            "hashes": [
                "sha256:02f02a676d6baabb758a20c7a479d58648e0f64f13e07d1b388e9bb2afe86a09",
                "sha256:d0f6bc70f98961145c5b0e26a992829363a197321ba571b31b24ea91879e0c96"
            ],
            "index": "pypi",
            "version": "==0.4.2"
        },
        "sphinxcontrib-serializinghtml": {
            "hashes": [
                "sha256:eaa0eccc86e982a9b939b2b82d12cc5d013385ba5eadcc7e4fed23f4405f77bc",
                "sha256:f242a81d423f59617a8e5cf16f5d4d74e28ee9a66f9e5b637a18082991db5a9a"
            ],
            "version": "==1.1.4"
        },
        "sphinxcontrib-websupport": {
            "hashes": [
                "sha256:4edf0223a0685a7c485ae5a156b6f529ba1ee481a1417817935b20bde1956232",
                "sha256:6fc9287dfc823fe9aa432463edd6cea47fa9ebbf488d7f289b322ffcfca075c7"
            ],
            "version": "==1.2.4"
        },
        "tornado": {
            "hashes": [
                "sha256:0fe2d45ba43b00a41cd73f8be321a44936dc1aba233dee979f17a042b83eb6dc",
                "sha256:22aed82c2ea340c3771e3babc5ef220272f6fd06b5108a53b4976d0d722bcd52",
                "sha256:2c027eb2a393d964b22b5c154d1a23a5f8727db6fda837118a776b29e2b8ebc6",
                "sha256:5217e601700f24e966ddab689f90b7ea4bd91ff3357c3600fa1045e26d68e55d",
                "sha256:5618f72e947533832cbc3dec54e1dffc1747a5cb17d1fd91577ed14fa0dc081b",
                "sha256:5f6a07e62e799be5d2330e68d808c8ac41d4a259b9cea61da4101b83cb5dc673",
                "sha256:c58d56003daf1b616336781b26d184023ea4af13ae143d9dda65e31e534940b9",
                "sha256:c952975c8ba74f546ae6de2e226ab3cc3cc11ae47baf607459a6728585bb542a",
                "sha256:c98232a3ac391f5faea6821b53db8db461157baa788f5d6222a193e9456e1740"
            ],
            "version": "==6.0.4"
        },
        "urllib3": {
            "hashes": [
                "sha256:4c291ca23bbb55c76518905869ef34bdd5f0e46af7afe6861e8375643ffee1a0",
                "sha256:9a247273df709c4fedb38c711e44292304f73f39ab01beda9f6b9fc375669ac3"
            ],
            "index": "pypi",
            "version": "==1.24.2"
        },
        "watchdog": {
            "hashes": [
                "sha256:4214e1379d128b0588021880ccaf40317ee156d4603ac388b9adcf29165e0c04"
            ],
            "version": "==0.10.3"
        }
    }
}
